github.com/codescalersinternships/bencode-nabil v0.0.0-20240815114132-f1f204d6ff80 h1:aeWzVoF8vaNXjrSZmtkYiM9KEIdfyIJkjGcaHKjNBso=
github.com/codescalersinternships/bencode-nabil v0.0.0-20240815114132-f1f204d6ff80/go.mod h1:ylIxRm0ibZd3jvRKq1P3Fl0zZevjUOvAoxOLpX2qzsI=
github.com/codescalersinternships/bencode-nabil v0.0.0-20241105210344-f49de8cfc874 h1:/PF1BrdOmqn7x9n3+sEBgseLitWR1Mce/0RjST5bY8s=
github.com/codescalersinternships/bencode-nabil v0.0.0-20241105210344-f49de8cfc874/go.mod h1:ylIxRm0ibZd3jvRKq1P3Fl0zZevjUOvAoxOLpX2qzsI=
